
Microsoft Visual Studio Solution File, Format Version 12.00
Project("{F2A71F9B-5D33-465A-A702-920D77279786}") = "stockbot.Parser", "stockbot.Parser\stockbot.Parser.fsproj", "{1CC161F0-9E3C-4209-96D8-7C8B1609E2E9}"
EndProject
Project("{2150E333-8FDC-42A3-9474-1A3956D46DE8}") = "Tests", "Tests", "{32539D81-7C66-4F7A-B564-9DB4B9CB0CA8}"
EndProject
Project("{F2A71F9B-5D33-465A-A702-920D77279786}") = "stockbot.Parser.Tests", "stockbot.Parser.Tests\stockbot.Parser.Tests.fsproj", "{E2DDD96E-686D-47D8-A7EC-C405392A2739}"
EndProject
Project("{F2A71F9B-5D33-465A-A702-920D77279786}") = "stockbot.Common", "stockbot.Common\stockbot.Common.fsproj", "{99A1E874-069B-42CF-A159-AA507179BF31}"
EndProject
Project("{F2A71F9B-5D33-465A-A702-920D77279786}") = "stockbot.Data", "stockbot.Data\stockbot.Data.fsproj", "{0782790F-4053-490D-B695-20ABC8FF398F}"
EndProject
Project("{F2A71F9B-5D33-465A-A702-920D77279786}") = "stockbot.Analytics", "stockbot.Analytics\stockbot.Analytics.fsproj", "{AC41A1B5-0443-4A97-9464-2374CAB7E6DC}"
EndProject
Project("{F2A71F9B-5D33-465A-A702-920D77279786}") = "stockbot.Visualise", "stockbot.Visualise\stockbot.Visualise.fsproj", "{9A279E3C-D99F-49C2-87DB-402B1EEAF5DE}"
EndProject
Project("{F2A71F9B-5D33-465A-A702-920D77279786}") = "stockbot.Api", "stockbot.Api\src\stockbot.Api\stockbot.Api.fsproj", "{5C72B0EC-801A-4A48-82BB-A62968AFE091}"
EndProject
Global
	GlobalSection(SolutionConfigurationPlatforms) = preSolution
		Debug|Any CPU = Debug|Any CPU
		Release|Any CPU = Release|Any CPU
	EndGlobalSection
	GlobalSection(ProjectConfigurationPlatforms) = postSolution
		{1CC161F0-9E3C-4209-96D8-7C8B1609E2E9}.Debug|Any CPU.ActiveCfg = Debug|Any CPU
		{1CC161F0-9E3C-4209-96D8-7C8B1609E2E9}.Debug|Any CPU.Build.0 = Debug|Any CPU
		{1CC161F0-9E3C-4209-96D8-7C8B1609E2E9}.Release|Any CPU.ActiveCfg = Release|Any CPU
		{1CC161F0-9E3C-4209-96D8-7C8B1609E2E9}.Release|Any CPU.Build.0 = Release|Any CPU
		{E2DDD96E-686D-47D8-A7EC-C405392A2739}.Debug|Any CPU.ActiveCfg = Debug|Any CPU
		{E2DDD96E-686D-47D8-A7EC-C405392A2739}.Debug|Any CPU.Build.0 = Debug|Any CPU
		{E2DDD96E-686D-47D8-A7EC-C405392A2739}.Release|Any CPU.ActiveCfg = Release|Any CPU
		{E2DDD96E-686D-47D8-A7EC-C405392A2739}.Release|Any CPU.Build.0 = Release|Any CPU
		{99A1E874-069B-42CF-A159-AA507179BF31}.Debug|Any CPU.ActiveCfg = Debug|Any CPU
		{99A1E874-069B-42CF-A159-AA507179BF31}.Debug|Any CPU.Build.0 = Debug|Any CPU
		{99A1E874-069B-42CF-A159-AA507179BF31}.Release|Any CPU.ActiveCfg = Release|Any CPU
		{99A1E874-069B-42CF-A159-AA507179BF31}.Release|Any CPU.Build.0 = Release|Any CPU
		{0782790F-4053-490D-B695-20ABC8FF398F}.Debug|Any CPU.ActiveCfg = Debug|Any CPU
		{0782790F-4053-490D-B695-20ABC8FF398F}.Debug|Any CPU.Build.0 = Debug|Any CPU
		{0782790F-4053-490D-B695-20ABC8FF398F}.Release|Any CPU.ActiveCfg = Release|Any CPU
		{0782790F-4053-490D-B695-20ABC8FF398F}.Release|Any CPU.Build.0 = Release|Any CPU
		{AC41A1B5-0443-4A97-9464-2374CAB7E6DC}.Debug|Any CPU.ActiveCfg = Debug|Any CPU
		{AC41A1B5-0443-4A97-9464-2374CAB7E6DC}.Debug|Any CPU.Build.0 = Debug|Any CPU
		{AC41A1B5-0443-4A97-9464-2374CAB7E6DC}.Release|Any CPU.ActiveCfg = Release|Any CPU
		{AC41A1B5-0443-4A97-9464-2374CAB7E6DC}.Release|Any CPU.Build.0 = Release|Any CPU
		{9A279E3C-D99F-49C2-87DB-402B1EEAF5DE}.Debug|Any CPU.ActiveCfg = Debug|Any CPU
		{9A279E3C-D99F-49C2-87DB-402B1EEAF5DE}.Debug|Any CPU.Build.0 = Debug|Any CPU
		{9A279E3C-D99F-49C2-87DB-402B1EEAF5DE}.Release|Any CPU.ActiveCfg = Release|Any CPU
		{9A279E3C-D99F-49C2-87DB-402B1EEAF5DE}.Release|Any CPU.Build.0 = Release|Any CPU
		{5C72B0EC-801A-4A48-82BB-A62968AFE091}.Debug|Any CPU.ActiveCfg = Debug|Any CPU
		{5C72B0EC-801A-4A48-82BB-A62968AFE091}.Debug|Any CPU.Build.0 = Debug|Any CPU
		{5C72B0EC-801A-4A48-82BB-A62968AFE091}.Release|Any CPU.ActiveCfg = Release|Any CPU
		{5C72B0EC-801A-4A48-82BB-A62968AFE091}.Release|Any CPU.Build.0 = Release|Any CPU
	EndGlobalSection
	GlobalSection(NestedProjects) = preSolution
		{E2DDD96E-686D-47D8-A7EC-C405392A2739} = {32539D81-7C66-4F7A-B564-9DB4B9CB0CA8}
	EndGlobalSection
EndGlobal
